
Microsoft Visual Studio Solution File, Format Version 12.00
# Visual Studio Version 17
VisualStudioVersion = 17.1.32210.238
MinimumVisualStudioVersion = 10.0.40219.1
Project("{888888A0-9F3D-457C-B088-3A5042F75D52}") = "Installer", "Installer.pyproj", "{A75E247E-CFEC-4830-8C82-EEC349311481}"
EndProject
Global
	GlobalSection(SolutionConfigurationPlatforms) = preSolution
		Debug|Any CPU = Debug|Any CPU
		Release|Any CPU = Release|Any CPU
	EndGlobalSection
	GlobalSection(ProjectConfigurationPlatforms) = postSolution
		{A75E247E-CFEC-4830-8C82-EEC349311481}.Debug|Any CPU.ActiveCfg = Debug|Any CPU
		{A75E247E-CFEC-4830-8C82-EEC349311481}.Release|Any CPU.ActiveCfg = Release|Any CPU
	EndGlobalSection
	GlobalSection(SolutionProperties) = preSolution
		HideSolutionNode = FALSE
	EndGlobalSection
	GlobalSection(ExtensibilityGlobals) = postSolution
		SolutionGuid = {B600650D-83B8-40E7-B77D-A4A850BB10C8}
	EndGlobalSection
EndGlobal
